
Microsoft Visual Studio Solution File, Format Version 11.00
# Visual C# Express 2010
Project("{FAE04EC0-301F-11D3-BF4B-00C04F79EFBC}") = "ADV-36_BUGSTRACKS", "ADV-36_BUGSTRACKS\ADV-36_BUGSTRACKS.csproj", "{2ECABCE9-758A-4259-BDA6-822BC0AACDAC}"
EndProject
Global
	GlobalSection(SolutionConfigurationPlatforms) = preSolution
		Debug|x86 = Debug|x86
		Release|x86 = Release|x86
	EndGlobalSection
	GlobalSection(ProjectConfigurationPlatforms) = postSolution
		{2ECABCE9-758A-4259-BDA6-822BC0AACDAC}.Debug|x86.ActiveCfg = Debug|x86
		{2ECABCE9-758A-4259-BDA6-822BC0AACDAC}.Debug|x86.Build.0 = Debug|x86
		{2ECABCE9-758A-4259-BDA6-822BC0AACDAC}.Release|x86.ActiveCfg = Release|x86
		{2ECABCE9-758A-4259-BDA6-822BC0AACDAC}.Release|x86.Build.0 = Release|x86
	EndGlobalSection
	GlobalSection(SolutionProperties) = preSolution
		HideSolutionNode = FALSE
	EndGlobalSection
EndGlobal
